{
  "object": {
    "pins": [
      {
        "package": "CodeEditorView",
        "repositoryURL": "https://github.com/mchakravarty/CodeEditorView.git",
        "state": {
          "branch": "main",
          "revision": "d53b1b20a56a78846e3383df44a85f426889952f",
          "version": null
        }
      }
    ]
  },
  "version": 1
}
