{
  "object": {
    "pins": [
      {
        "package": "CodeEditorView",
        "repositoryURL": "https://github.com/mchakravarty/CodeEditorView.git",
        "state": {
          "branch": "main",
          "revision": "3b06781e742968b45357cfaddfefeead3f358105",
          "version": null
        }
      }
    ]
  },
  "version": 1
}
